
Microsoft Visual Studio Solution File, Format Version 12.00
# Visual Studio Version 16
VisualStudioVersion = 16.0.31112.23
MinimumVisualStudioVersion = 10.0.40219.1
Project("{FAE04EC0-301F-11D3-BF4B-00C04F79EFBC}") = "Calculator", "Calculator.csproj", "{FA9CD783-2493-4D82-8A89-45A72952D9BE}"
EndProject
Global
	GlobalSection(SolutionConfigurationPlatforms) = preSolution
		Debug|Any CPU = Debug|Any CPU
		Release|Any CPU = Release|Any CPU
	EndGlobalSection
	GlobalSection(ProjectConfigurationPlatforms) = postSolution
		{FA9CD783-2493-4D82-8A89-45A72952D9BE}.Debug|Any CPU.ActiveCfg = Debug|Any CPU
		{FA9CD783-2493-4D82-8A89-45A72952D9BE}.Debug|Any CPU.Build.0 = Debug|Any CPU
		{FA9CD783-2493-4D82-8A89-45A72952D9BE}.Release|Any CPU.ActiveCfg = Release|Any CPU
		{FA9CD783-2493-4D82-8A89-45A72952D9BE}.Release|Any CPU.Build.0 = Release|Any CPU
	EndGlobalSection
	GlobalSection(SolutionProperties) = preSolution
		HideSolutionNode = FALSE
	EndGlobalSection
	GlobalSection(ExtensibilityGlobals) = postSolution
		SolutionGuid = {F0F520E6-E5F2-40D5-B055-136B10886B67}
	EndGlobalSection
EndGlobal
